
Microsoft Visual Studio Solution File, Format Version 12.00
# Visual Studio Version 17
VisualStudioVersion = 17.11.35222.181
MinimumVisualStudioVersion = 10.0.40219.1
Project("{FAE04EC0-301F-11D3-BF4B-00C04F79EFBC}") = "tgundogdu", "tgundogdu.csproj", "{A576EB4B-78CB-4F4D-979E-3203AD14EBC0}"
EndProject
Global
	GlobalSection(SolutionConfigurationPlatforms) = preSolution
		Debug|Any CPU = Debug|Any CPU
		Release|Any CPU = Release|Any CPU
	EndGlobalSection
	GlobalSection(ProjectConfigurationPlatforms) = postSolution
		{A576EB4B-78CB-4F4D-979E-3203AD14EBC0}.Debug|Any CPU.ActiveCfg = Debug|Any CPU
		{A576EB4B-78CB-4F4D-979E-3203AD14EBC0}.Debug|Any CPU.Build.0 = Debug|Any CPU
		{A576EB4B-78CB-4F4D-979E-3203AD14EBC0}.Release|Any CPU.ActiveCfg = Release|Any CPU
		{A576EB4B-78CB-4F4D-979E-3203AD14EBC0}.Release|Any CPU.Build.0 = Release|Any CPU
	EndGlobalSection
	GlobalSection(SolutionProperties) = preSolution
		HideSolutionNode = FALSE
	EndGlobalSection
	GlobalSection(ExtensibilityGlobals) = postSolution
		SolutionGuid = {FFB7E983-00B0-46BD-A0FC-9917AA2A74BF}
	EndGlobalSection
EndGlobal
